
Microsoft Visual Studio Solution File, Format Version 12.00
# Visual Studio Version 17
VisualStudioVersion = 17.13.35919.96 d17.13
MinimumVisualStudioVersion = 10.0.40219.1
Project("{FAE04EC0-301F-11D3-BF4B-00C04F79EFBC}") = "Ex_7", "Ex_7\Ex_7.csproj", "{37DD4C52-FA7D-4B2A-8EC5-41E6CFDFE190}"
EndProject
Global
	GlobalSection(SolutionConfigurationPlatforms) = preSolution
		Debug|Any CPU = Debug|Any CPU
		Release|Any CPU = Release|Any CPU
	EndGlobalSection
	GlobalSection(ProjectConfigurationPlatforms) = postSolution
		{37DD4C52-FA7D-4B2A-8EC5-41E6CFDFE190}.Debug|Any CPU.ActiveCfg = Debug|Any CPU
		{37DD4C52-FA7D-4B2A-8EC5-41E6CFDFE190}.Debug|Any CPU.Build.0 = Debug|Any CPU
		{37DD4C52-FA7D-4B2A-8EC5-41E6CFDFE190}.Release|Any CPU.ActiveCfg = Release|Any CPU
		{37DD4C52-FA7D-4B2A-8EC5-41E6CFDFE190}.Release|Any CPU.Build.0 = Release|Any CPU
	EndGlobalSection
	GlobalSection(SolutionProperties) = preSolution
		HideSolutionNode = FALSE
	EndGlobalSection
	GlobalSection(ExtensibilityGlobals) = postSolution
		SolutionGuid = {AE142B1F-73FD-4B53-A73F-7FE5B80865E9}
	EndGlobalSection
EndGlobal
