
Microsoft Visual Studio Solution File, Format Version 12.00
# Visual Studio Version 17
VisualStudioVersion = 17.13.35919.96 d17.13
MinimumVisualStudioVersion = 10.0.40219.1
Project("{FAE04EC0-301F-11D3-BF4B-00C04F79EFBC}") = "Ex_6", "Ex_6\Ex_6.csproj", "{408196C6-DAA2-451F-9B98-DB1C619B603B}"
EndProject
Global
	GlobalSection(SolutionConfigurationPlatforms) = preSolution
		Debug|Any CPU = Debug|Any CPU
		Release|Any CPU = Release|Any CPU
	EndGlobalSection
	GlobalSection(ProjectConfigurationPlatforms) = postSolution
		{408196C6-DAA2-451F-9B98-DB1C619B603B}.Debug|Any CPU.ActiveCfg = Debug|Any CPU
		{408196C6-DAA2-451F-9B98-DB1C619B603B}.Debug|Any CPU.Build.0 = Debug|Any CPU
		{408196C6-DAA2-451F-9B98-DB1C619B603B}.Release|Any CPU.ActiveCfg = Release|Any CPU
		{408196C6-DAA2-451F-9B98-DB1C619B603B}.Release|Any CPU.Build.0 = Release|Any CPU
	EndGlobalSection
	GlobalSection(SolutionProperties) = preSolution
		HideSolutionNode = FALSE
	EndGlobalSection
	GlobalSection(ExtensibilityGlobals) = postSolution
		SolutionGuid = {412DB4ED-0ABF-410E-B7A0-37848EEAD53F}
	EndGlobalSection
EndGlobal
